
Microsoft Visual Studio Solution File, Format Version 12.00
# Visual Studio 2012
Project("{FAE04EC0-301F-11D3-BF4B-00C04F79EFBC}") = "Laska", "Laska.csproj", "{8E242934-54C2-4661-A505-383AD7A91261}"
EndProject
Project("{FAE04EC0-301F-11D3-BF4B-00C04F79EFBC}") = "Test", "..\Test\Test.csproj", "{6779F97D-6575-4BDA-824F-9B6A72BC20C3}"
EndProject
Global
	GlobalSection(SolutionConfigurationPlatforms) = preSolution
		Debug|Any CPU = Debug|Any CPU
		Release|Any CPU = Release|Any CPU
	EndGlobalSection
	GlobalSection(ProjectConfigurationPlatforms) = postSolution
		{8E242934-54C2-4661-A505-383AD7A91261}.Debug|Any CPU.ActiveCfg = Debug|Any CPU
		{8E242934-54C2-4661-A505-383AD7A91261}.Debug|Any CPU.Build.0 = Debug|Any CPU
		{8E242934-54C2-4661-A505-383AD7A91261}.Release|Any CPU.ActiveCfg = Release|Any CPU
		{8E242934-54C2-4661-A505-383AD7A91261}.Release|Any CPU.Build.0 = Release|Any CPU
		{6779F97D-6575-4BDA-824F-9B6A72BC20C3}.Debug|Any CPU.ActiveCfg = Debug|Any CPU
		{6779F97D-6575-4BDA-824F-9B6A72BC20C3}.Debug|Any CPU.Build.0 = Debug|Any CPU
		{6779F97D-6575-4BDA-824F-9B6A72BC20C3}.Release|Any CPU.ActiveCfg = Release|Any CPU
		{6779F97D-6575-4BDA-824F-9B6A72BC20C3}.Release|Any CPU.Build.0 = Release|Any CPU
	EndGlobalSection
	GlobalSection(SolutionProperties) = preSolution
		HideSolutionNode = FALSE
	EndGlobalSection
EndGlobal
